
Microsoft Visual Studio Solution File, Format Version 12.00
# Visual Studio Version 17
VisualStudioVersion = 17.1.32421.90
MinimumVisualStudioVersion = 10.0.40219.1
Project("{FAE04EC0-301F-11D3-BF4B-00C04F79EFBC}") = "Parkir Kendaraan", "Parkir Kendaraan\Parkir Kendaraan.csproj", "{8E9ABCDA-37A2-4436-BBF1-FF447975B3C6}"
EndProject
Global
	GlobalSection(SolutionConfigurationPlatforms) = preSolution
		Debug|Any CPU = Debug|Any CPU
		Release|Any CPU = Release|Any CPU
	EndGlobalSection
	GlobalSection(ProjectConfigurationPlatforms) = postSolution
		{8E9ABCDA-37A2-4436-BBF1-FF447975B3C6}.Debug|Any CPU.ActiveCfg = Debug|Any CPU
		{8E9ABCDA-37A2-4436-BBF1-FF447975B3C6}.Debug|Any CPU.Build.0 = Debug|Any CPU
		{8E9ABCDA-37A2-4436-BBF1-FF447975B3C6}.Release|Any CPU.ActiveCfg = Release|Any CPU
		{8E9ABCDA-37A2-4436-BBF1-FF447975B3C6}.Release|Any CPU.Build.0 = Release|Any CPU
	EndGlobalSection
	GlobalSection(SolutionProperties) = preSolution
		HideSolutionNode = FALSE
	EndGlobalSection
	GlobalSection(ExtensibilityGlobals) = postSolution
		SolutionGuid = {231FC6AC-1E74-4ED4-B57F-D80B3CB5D99A}
	EndGlobalSection
EndGlobal
